
Microsoft Visual Studio Solution File, Format Version 12.00
# Visual Studio Version 17
VisualStudioVersion = 17.11.35312.102
MinimumVisualStudioVersion = 10.0.40219.1
Project("{9A19103F-16F7-4668-BE54-9A1E7A4F7556}") = "FixQLLibrary", "FixQLLibrary\FixQLLibrary.csproj", "{0E203B7A-9A71-44F1-B02F-600D39203372}"
EndProject
Project("{FAE04EC0-301F-11D3-BF4B-00C04F79EFBC}") = "FixQLCLI", "FixQLCLI\FixQLCLI.csproj", "{BE5C244B-6E98-46DC-942C-50EED8319F4C}"
EndProject
Global
	GlobalSection(SolutionConfigurationPlatforms) = preSolution
		Debug|Any CPU = Debug|Any CPU
		Release|Any CPU = Release|Any CPU
	EndGlobalSection
	GlobalSection(ProjectConfigurationPlatforms) = postSolution
		{0E203B7A-9A71-44F1-B02F-600D39203372}.Debug|Any CPU.ActiveCfg = Debug|Any CPU
		{0E203B7A-9A71-44F1-B02F-600D39203372}.Debug|Any CPU.Build.0 = Debug|Any CPU
		{0E203B7A-9A71-44F1-B02F-600D39203372}.Release|Any CPU.ActiveCfg = Release|Any CPU
		{0E203B7A-9A71-44F1-B02F-600D39203372}.Release|Any CPU.Build.0 = Release|Any CPU
		{BE5C244B-6E98-46DC-942C-50EED8319F4C}.Debug|Any CPU.ActiveCfg = Debug|Any CPU
		{BE5C244B-6E98-46DC-942C-50EED8319F4C}.Debug|Any CPU.Build.0 = Debug|Any CPU
		{BE5C244B-6E98-46DC-942C-50EED8319F4C}.Release|Any CPU.ActiveCfg = Release|Any CPU
		{BE5C244B-6E98-46DC-942C-50EED8319F4C}.Release|Any CPU.Build.0 = Release|Any CPU
	EndGlobalSection
	GlobalSection(SolutionProperties) = preSolution
		HideSolutionNode = FALSE
	EndGlobalSection
	GlobalSection(ExtensibilityGlobals) = postSolution
		SolutionGuid = {64BD1560-7B0F-48CE-856B-30128204D12E}
	EndGlobalSection
EndGlobal
